
Microsoft Visual Studio Solution File, Format Version 12.00
# Visual Studio Version 16
VisualStudioVersion = 16.0.31729.503
MinimumVisualStudioVersion = 10.0.40219.1
Project("{FAE04EC0-301F-11D3-BF4B-00C04F79EFBC}") = "PracticalAssignment", "PracticalAssignment.csproj", "{FEFDD4B7-30FD-4F78-9248-989E149F72C8}"
EndProject
Global
	GlobalSection(SolutionConfigurationPlatforms) = preSolution
		Debug|Any CPU = Debug|Any CPU
		Release|Any CPU = Release|Any CPU
	EndGlobalSection
	GlobalSection(ProjectConfigurationPlatforms) = postSolution
		{FEFDD4B7-30FD-4F78-9248-989E149F72C8}.Debug|Any CPU.ActiveCfg = Debug|Any CPU
		{FEFDD4B7-30FD-4F78-9248-989E149F72C8}.Debug|Any CPU.Build.0 = Debug|Any CPU
		{FEFDD4B7-30FD-4F78-9248-989E149F72C8}.Release|Any CPU.ActiveCfg = Release|Any CPU
		{FEFDD4B7-30FD-4F78-9248-989E149F72C8}.Release|Any CPU.Build.0 = Release|Any CPU
	EndGlobalSection
	GlobalSection(SolutionProperties) = preSolution
		HideSolutionNode = FALSE
	EndGlobalSection
	GlobalSection(ExtensibilityGlobals) = postSolution
		SolutionGuid = {B7068403-7ED6-4392-B7A6-48A7F8A67814}
	EndGlobalSection
EndGlobal
